
Microsoft Visual Studio Solution File, Format Version 12.00
# Visual Studio Version 17
VisualStudioVersion = 17.14.36518.9 d17.14
MinimumVisualStudioVersion = 16.0.0.0
Project("{9A19103F-16F7-4668-BE54-9A1E7A4F7556}") = "BlazorWebAssemblyApp", "BlazorWebAssemblyApp\BlazorWebAssemblyApp.csproj", "{5685D5A8-5158-4B0B-B54E-D88DED372F8D}"
EndProject
Project("{9A19103F-16F7-4668-BE54-9A1E7A4F7556}") = "BlazorWebAssemblyApp.Client", "BlazorWebAssemblyApp.Client\BlazorWebAssemblyApp.Client.csproj", "{FF070A28-60CA-4602-85E9-AAA545883EA3}"
EndProject
Project("{FAE04EC0-301F-11D3-BF4B-00C04F79EFBC}") = "BlazorWebAssemblyStandaloneApp", "BlazorWebAssemblyStandaloneApp\BlazorWebAssemblyStandaloneApp.csproj", "{B1461B35-A667-43BC-9B92-9BE1680DD5B2}"
EndProject
Global
	GlobalSection(SolutionConfigurationPlatforms) = preSolution
		Debug|Any CPU = Debug|Any CPU
		Debug|x64 = Debug|x64
		Debug|x86 = Debug|x86
		Release|Any CPU = Release|Any CPU
		Release|x64 = Release|x64
		Release|x86 = Release|x86
	EndGlobalSection
	GlobalSection(ProjectConfigurationPlatforms) = postSolution
		{5685D5A8-5158-4B0B-B54E-D88DED372F8D}.Debug|Any CPU.ActiveCfg = Debug|Any CPU
		{5685D5A8-5158-4B0B-B54E-D88DED372F8D}.Debug|Any CPU.Build.0 = Debug|Any CPU
		{5685D5A8-5158-4B0B-B54E-D88DED372F8D}.Debug|x64.ActiveCfg = Debug|Any CPU
		{5685D5A8-5158-4B0B-B54E-D88DED372F8D}.Debug|x64.Build.0 = Debug|Any CPU
		{5685D5A8-5158-4B0B-B54E-D88DED372F8D}.Debug|x86.ActiveCfg = Debug|Any CPU
		{5685D5A8-5158-4B0B-B54E-D88DED372F8D}.Debug|x86.Build.0 = Debug|Any CPU
		{5685D5A8-5158-4B0B-B54E-D88DED372F8D}.Release|Any CPU.ActiveCfg = Release|Any CPU
		{5685D5A8-5158-4B0B-B54E-D88DED372F8D}.Release|Any CPU.Build.0 = Release|Any CPU
		{5685D5A8-5158-4B0B-B54E-D88DED372F8D}.Release|x64.ActiveCfg = Release|Any CPU
		{5685D5A8-5158-4B0B-B54E-D88DED372F8D}.Release|x64.Build.0 = Release|Any CPU
		{5685D5A8-5158-4B0B-B54E-D88DED372F8D}.Release|x86.ActiveCfg = Release|Any CPU
		{5685D5A8-5158-4B0B-B54E-D88DED372F8D}.Release|x86.Build.0 = Release|Any CPU
		{FF070A28-60CA-4602-85E9-AAA545883EA3}.Debug|Any CPU.ActiveCfg = Debug|Any CPU
		{FF070A28-60CA-4602-85E9-AAA545883EA3}.Debug|Any CPU.Build.0 = Debug|Any CPU
		{FF070A28-60CA-4602-85E9-AAA545883EA3}.Debug|x64.ActiveCfg = Debug|Any CPU
		{FF070A28-60CA-4602-85E9-AAA545883EA3}.Debug|x64.Build.0 = Debug|Any CPU
		{FF070A28-60CA-4602-85E9-AAA545883EA3}.Debug|x86.ActiveCfg = Debug|Any CPU
		{FF070A28-60CA-4602-85E9-AAA545883EA3}.Debug|x86.Build.0 = Debug|Any CPU
		{FF070A28-60CA-4602-85E9-AAA545883EA3}.Release|Any CPU.ActiveCfg = Release|Any CPU
		{FF070A28-60CA-4602-85E9-AAA545883EA3}.Release|Any CPU.Build.0 = Release|Any CPU
		{FF070A28-60CA-4602-85E9-AAA545883EA3}.Release|x64.ActiveCfg = Release|Any CPU
		{FF070A28-60CA-4602-85E9-AAA545883EA3}.Release|x64.Build.0 = Release|Any CPU
		{FF070A28-60CA-4602-85E9-AAA545883EA3}.Release|x86.ActiveCfg = Release|Any CPU
		{FF070A28-60CA-4602-85E9-AAA545883EA3}.Release|x86.Build.0 = Release|Any CPU
		{B1461B35-A667-43BC-9B92-9BE1680DD5B2}.Debug|Any CPU.ActiveCfg = Debug|Any CPU
		{B1461B35-A667-43BC-9B92-9BE1680DD5B2}.Debug|Any CPU.Build.0 = Debug|Any CPU
		{B1461B35-A667-43BC-9B92-9BE1680DD5B2}.Debug|x64.ActiveCfg = Debug|Any CPU
		{B1461B35-A667-43BC-9B92-9BE1680DD5B2}.Debug|x64.Build.0 = Debug|Any CPU
		{B1461B35-A667-43BC-9B92-9BE1680DD5B2}.Debug|x86.ActiveCfg = Debug|Any CPU
		{B1461B35-A667-43BC-9B92-9BE1680DD5B2}.Debug|x86.Build.0 = Debug|Any CPU
		{B1461B35-A667-43BC-9B92-9BE1680DD5B2}.Release|Any CPU.ActiveCfg = Release|Any CPU
		{B1461B35-A667-43BC-9B92-9BE1680DD5B2}.Release|Any CPU.Build.0 = Release|Any CPU
		{B1461B35-A667-43BC-9B92-9BE1680DD5B2}.Release|x64.ActiveCfg = Release|Any CPU
		{B1461B35-A667-43BC-9B92-9BE1680DD5B2}.Release|x64.Build.0 = Release|Any CPU
		{B1461B35-A667-43BC-9B92-9BE1680DD5B2}.Release|x86.ActiveCfg = Release|Any CPU
		{B1461B35-A667-43BC-9B92-9BE1680DD5B2}.Release|x86.Build.0 = Release|Any CPU
	EndGlobalSection
	GlobalSection(SolutionProperties) = preSolution
		HideSolutionNode = FALSE
	EndGlobalSection
	GlobalSection(ExtensibilityGlobals) = postSolution
		SolutionGuid = {068AE156-C628-4D4F-8D27-6805AAE50E8C}
	EndGlobalSection
EndGlobal
