
Microsoft Visual Studio Solution File, Format Version 12.00
# Visual Studio Version 17
VisualStudioVersion = 17.0.31903.59
MinimumVisualStudioVersion = 10.0.40219.1
Project("{2150E333-8FDC-42A3-9474-1A3956D46DE8}") = "MudBlazorWebAssemblyApp", "MudBlazorWebAssemblyApp", "{9377C9A4-9916-DFE0-3E54-770A1315010C}"
EndProject
Project("{FAE04EC0-301F-11D3-BF4B-00C04F79EFBC}") = "MudBlazorWebAssemblyApp", "MudBlazorWebAssemblyApp\MudBlazorWebAssemblyApp\MudBlazorWebAssemblyApp.csproj", "{3F4CAAEE-1ACF-47DF-8FBC-8E16F8C8869F}"
EndProject
Project("{FAE04EC0-301F-11D3-BF4B-00C04F79EFBC}") = "MudBlazorWebAssemblyApp.Client", "MudBlazorWebAssemblyApp\MudBlazorWebAssemblyApp.Client\MudBlazorWebAssemblyApp.Client.csproj", "{28E6E997-8355-43E1-B547-625E9564BE56}"
EndProject
Project("{FAE04EC0-301F-11D3-BF4B-00C04F79EFBC}") = "Domain", "Domain\Domain.csproj", "{07CA267B-4204-40B3-B129-CFC79C2E44F0}"
EndProject
Project("{FAE04EC0-301F-11D3-BF4B-00C04F79EFBC}") = "Infrastructure", "Infrastructure\Infrastructure.csproj", "{32CB5546-39C1-4602-8516-90E91D78E296}"
EndProject
Project("{FAE04EC0-301F-11D3-BF4B-00C04F79EFBC}") = "Api", "Api\Api.csproj", "{1D5620CC-B0D0-4CF8-9F1B-978EA5964336}"
EndProject
Global
	GlobalSection(SolutionConfigurationPlatforms) = preSolution
		Debug|Any CPU = Debug|Any CPU
		Debug|x64 = Debug|x64
		Debug|x86 = Debug|x86
		Release|Any CPU = Release|Any CPU
		Release|x64 = Release|x64
		Release|x86 = Release|x86
	EndGlobalSection
	GlobalSection(ProjectConfigurationPlatforms) = postSolution
		{3F4CAAEE-1ACF-47DF-8FBC-8E16F8C8869F}.Debug|Any CPU.ActiveCfg = Debug|Any CPU
		{3F4CAAEE-1ACF-47DF-8FBC-8E16F8C8869F}.Debug|Any CPU.Build.0 = Debug|Any CPU
		{3F4CAAEE-1ACF-47DF-8FBC-8E16F8C8869F}.Debug|x64.ActiveCfg = Debug|Any CPU
		{3F4CAAEE-1ACF-47DF-8FBC-8E16F8C8869F}.Debug|x64.Build.0 = Debug|Any CPU
		{3F4CAAEE-1ACF-47DF-8FBC-8E16F8C8869F}.Debug|x86.ActiveCfg = Debug|Any CPU
		{3F4CAAEE-1ACF-47DF-8FBC-8E16F8C8869F}.Debug|x86.Build.0 = Debug|Any CPU
		{3F4CAAEE-1ACF-47DF-8FBC-8E16F8C8869F}.Release|Any CPU.ActiveCfg = Release|Any CPU
		{3F4CAAEE-1ACF-47DF-8FBC-8E16F8C8869F}.Release|Any CPU.Build.0 = Release|Any CPU
		{3F4CAAEE-1ACF-47DF-8FBC-8E16F8C8869F}.Release|x64.ActiveCfg = Release|Any CPU
		{3F4CAAEE-1ACF-47DF-8FBC-8E16F8C8869F}.Release|x64.Build.0 = Release|Any CPU
		{3F4CAAEE-1ACF-47DF-8FBC-8E16F8C8869F}.Release|x86.ActiveCfg = Release|Any CPU
		{3F4CAAEE-1ACF-47DF-8FBC-8E16F8C8869F}.Release|x86.Build.0 = Release|Any CPU
		{28E6E997-8355-43E1-B547-625E9564BE56}.Debug|Any CPU.ActiveCfg = Debug|Any CPU
		{28E6E997-8355-43E1-B547-625E9564BE56}.Debug|Any CPU.Build.0 = Debug|Any CPU
		{28E6E997-8355-43E1-B547-625E9564BE56}.Debug|x64.ActiveCfg = Debug|Any CPU
		{28E6E997-8355-43E1-B547-625E9564BE56}.Debug|x64.Build.0 = Debug|Any CPU
		{28E6E997-8355-43E1-B547-625E9564BE56}.Debug|x86.ActiveCfg = Debug|Any CPU
		{28E6E997-8355-43E1-B547-625E9564BE56}.Debug|x86.Build.0 = Debug|Any CPU
		{28E6E997-8355-43E1-B547-625E9564BE56}.Release|Any CPU.ActiveCfg = Release|Any CPU
		{28E6E997-8355-43E1-B547-625E9564BE56}.Release|Any CPU.Build.0 = Release|Any CPU
		{28E6E997-8355-43E1-B547-625E9564BE56}.Release|x64.ActiveCfg = Release|Any CPU
		{28E6E997-8355-43E1-B547-625E9564BE56}.Release|x64.Build.0 = Release|Any CPU
		{28E6E997-8355-43E1-B547-625E9564BE56}.Release|x86.ActiveCfg = Release|Any CPU
		{28E6E997-8355-43E1-B547-625E9564BE56}.Release|x86.Build.0 = Release|Any CPU
		{07CA267B-4204-40B3-B129-CFC79C2E44F0}.Debug|Any CPU.ActiveCfg = Debug|Any CPU
		{07CA267B-4204-40B3-B129-CFC79C2E44F0}.Debug|Any CPU.Build.0 = Debug|Any CPU
		{07CA267B-4204-40B3-B129-CFC79C2E44F0}.Debug|x64.ActiveCfg = Debug|Any CPU
		{07CA267B-4204-40B3-B129-CFC79C2E44F0}.Debug|x64.Build.0 = Debug|Any CPU
		{07CA267B-4204-40B3-B129-CFC79C2E44F0}.Debug|x86.ActiveCfg = Debug|Any CPU
		{07CA267B-4204-40B3-B129-CFC79C2E44F0}.Debug|x86.Build.0 = Debug|Any CPU
		{07CA267B-4204-40B3-B129-CFC79C2E44F0}.Release|Any CPU.ActiveCfg = Release|Any CPU
		{07CA267B-4204-40B3-B129-CFC79C2E44F0}.Release|Any CPU.Build.0 = Release|Any CPU
		{07CA267B-4204-40B3-B129-CFC79C2E44F0}.Release|x64.ActiveCfg = Release|Any CPU
		{07CA267B-4204-40B3-B129-CFC79C2E44F0}.Release|x64.Build.0 = Release|Any CPU
		{07CA267B-4204-40B3-B129-CFC79C2E44F0}.Release|x86.ActiveCfg = Release|Any CPU
		{07CA267B-4204-40B3-B129-CFC79C2E44F0}.Release|x86.Build.0 = Release|Any CPU
		{32CB5546-39C1-4602-8516-90E91D78E296}.Debug|Any CPU.ActiveCfg = Debug|Any CPU
		{32CB5546-39C1-4602-8516-90E91D78E296}.Debug|Any CPU.Build.0 = Debug|Any CPU
		{32CB5546-39C1-4602-8516-90E91D78E296}.Debug|x64.ActiveCfg = Debug|Any CPU
		{32CB5546-39C1-4602-8516-90E91D78E296}.Debug|x64.Build.0 = Debug|Any CPU
		{32CB5546-39C1-4602-8516-90E91D78E296}.Debug|x86.ActiveCfg = Debug|Any CPU
		{32CB5546-39C1-4602-8516-90E91D78E296}.Debug|x86.Build.0 = Debug|Any CPU
		{32CB5546-39C1-4602-8516-90E91D78E296}.Release|Any CPU.ActiveCfg = Release|Any CPU
		{32CB5546-39C1-4602-8516-90E91D78E296}.Release|Any CPU.Build.0 = Release|Any CPU
		{32CB5546-39C1-4602-8516-90E91D78E296}.Release|x64.ActiveCfg = Release|Any CPU
		{32CB5546-39C1-4602-8516-90E91D78E296}.Release|x64.Build.0 = Release|Any CPU
		{32CB5546-39C1-4602-8516-90E91D78E296}.Release|x86.ActiveCfg = Release|Any CPU
		{32CB5546-39C1-4602-8516-90E91D78E296}.Release|x86.Build.0 = Release|Any CPU
		{1D5620CC-B0D0-4CF8-9F1B-978EA5964336}.Debug|Any CPU.ActiveCfg = Debug|Any CPU
		{1D5620CC-B0D0-4CF8-9F1B-978EA5964336}.Debug|Any CPU.Build.0 = Debug|Any CPU
		{1D5620CC-B0D0-4CF8-9F1B-978EA5964336}.Debug|x64.ActiveCfg = Debug|Any CPU
		{1D5620CC-B0D0-4CF8-9F1B-978EA5964336}.Debug|x64.Build.0 = Debug|Any CPU
		{1D5620CC-B0D0-4CF8-9F1B-978EA5964336}.Debug|x86.ActiveCfg = Debug|Any CPU
		{1D5620CC-B0D0-4CF8-9F1B-978EA5964336}.Debug|x86.Build.0 = Debug|Any CPU
		{1D5620CC-B0D0-4CF8-9F1B-978EA5964336}.Release|Any CPU.ActiveCfg = Release|Any CPU
		{1D5620CC-B0D0-4CF8-9F1B-978EA5964336}.Release|Any CPU.Build.0 = Release|Any CPU
		{1D5620CC-B0D0-4CF8-9F1B-978EA5964336}.Release|x64.ActiveCfg = Release|Any CPU
		{1D5620CC-B0D0-4CF8-9F1B-978EA5964336}.Release|x64.Build.0 = Release|Any CPU
		{1D5620CC-B0D0-4CF8-9F1B-978EA5964336}.Release|x86.ActiveCfg = Release|Any CPU
		{1D5620CC-B0D0-4CF8-9F1B-978EA5964336}.Release|x86.Build.0 = Release|Any CPU
	EndGlobalSection
	GlobalSection(SolutionProperties) = preSolution
		HideSolutionNode = FALSE
	EndGlobalSection
	GlobalSection(NestedProjects) = preSolution
		{3F4CAAEE-1ACF-47DF-8FBC-8E16F8C8869F} = {9377C9A4-9916-DFE0-3E54-770A1315010C}
		{28E6E997-8355-43E1-B547-625E9564BE56} = {9377C9A4-9916-DFE0-3E54-770A1315010C}
	EndGlobalSection
EndGlobal
